# This file is autogenerated, do not edit; changes may be undone by the next 'dep ensure'.


[[projects]]
  name = "github.com/google/go-cmp"
  packages = [
    "cmp",
    "cmp/internal/diff",
    "cmp/internal/function",
    "cmp/internal/value"
  ]
  revision = "3af367b6b30c263d47e8895973edcca9a49cf029"
  version = "v0.2.0"

[[projects]]
  branch = "master"
  name = "github.com/juju/errors"
  packages = ["."]
  revision = "a4583d0a56eac4bdd939e38050d0c69abe0a9b41"

[[projects]]
  branch = "bocadillo"
  name = "github.com/localhots/mysql"
  packages = ["."]
  revision = "c2889dfb94f790a6007c23ced2fa3a457d7d9ab0"

[[projects]]
  name = "google.golang.org/appengine"
  packages = ["cloudsql"]
  revision = "4a4468ece617fc8205e99368fa2200e9d1fad421"
  version = "v1.3.0"

[solve-meta]
  analyzer-name = "dep"
  analyzer-version = 1
  inputs-digest = "54cc4952aaa2b5e14d9b4cf42c54d933ecff5eb0dd354884dd23c9027630ce82"
  solver-name = "gps-cdcl"
  solver-version = 1
